
Microsoft Visual Studio Solution File, Format Version 12.00
# Visual Studio 15
VisualStudioVersion = 15.0.28307.489
MinimumVisualStudioVersion = 10.0.40219.1
Project("{FAE04EC0-301F-11D3-BF4B-00C04F79EFBC}") = "Tyrant.Logic", "Tyrant.Logic\Tyrant.Logic.csproj", "{2D3CEFF1-8F47-40E9-8597-CDFD6B5CCF73}"
EndProject
Project("{FAE04EC0-301F-11D3-BF4B-00C04F79EFBC}") = "Tyrant.Testing", "Tyrant.Testing\Tyrant.Testing.csproj", "{EA1DBB67-568E-4DBF-B96B-CC0F1C4E429A}"
EndProject
Project("{FAE04EC0-301F-11D3-BF4B-00C04F79EFBC}") = "PhilLibX", "PhilLibX\src\PhilLibX\PhilLibX\PhilLibX.csproj", "{0F468D5B-2F30-42F5-9043-920040D83D9D}"
EndProject
Project("{8BC9CEB8-8B4A-11D0-8D11-00A0C91BC942}") = "PhilLibX.Interop", "PhilLibX\src\PhilLibX\PhilLibX.Interop\PhilLibX.Interop.vcxproj", "{EB08D910-0050-4D56-A799-CA04C41B7014}"
EndProject
Project("{2150E333-8FDC-42A3-9474-1A3956D46DE8}") = "ExternalLibraries", "ExternalLibraries", "{FA642BA8-BB50-4325-AF2D-A71001B3DF33}"
EndProject
Project("{2150E333-8FDC-42A3-9474-1A3956D46DE8}") = "Imaging", "Imaging", "{BCA87C99-563F-459E-B93A-DE9E78D46192}"
EndProject
Project("{2150E333-8FDC-42A3-9474-1A3956D46DE8}") = "Compression", "Compression", "{495BB9D5-6381-4457-9EC2-45F1C66D1CE2}"
EndProject
Project("{8BC9CEB8-8B4A-11D0-8D11-00A0C91BC942}") = "libzstd", "PhilLibX\src\PhilLibX\ExternalLibraries\zstd\build\VS2010\libzstd\libzstd.vcxproj", "{8BFD8150-94D5-4BF9-8A50-7BD9929A0850}"
EndProject
Project("{8BC9CEB8-8B4A-11D0-8D11-00A0C91BC942}") = "LZ4", "PhilLibX\src\PhilLibX\ExternalLibraries\lz4\LZ4.vcxproj", "{57754C97-3F92-42CD-9F61-3A905DB5CCA0}"
EndProject
Project("{8BC9CEB8-8B4A-11D0-8D11-00A0C91BC942}") = "MiniZ", "PhilLibX\src\PhilLibX\ExternalLibraries\MiniZ\MiniZ.vcxproj", "{DBA0D3E8-5E3A-48F1-BDE2-AA0976A478DB}"
EndProject
Project("{8BC9CEB8-8B4A-11D0-8D11-00A0C91BC942}") = "DirectXTex", "PhilLibX\src\PhilLibX\ExternalLibraries\DirectXTex\DirectXTex\DirectXTex_Desktop_2019_Win10.vcxproj", "{371B9FA9-4C90-4AC6-A123-ACED756D6C77}"
EndProject
Project("{FAE04EC0-301F-11D3-BF4B-00C04F79EFBC}") = "Tyrant", "Tyrant\Tyrant.csproj", "{E2F82202-0E17-4901-B360-BE6F175FBCA2}"
EndProject
Project("{FAE04EC0-301F-11D3-BF4B-00C04F79EFBC}") = "Tyrant.UITests", "Tyrant.UITests\Tyrant.UITests.csproj", "{91DA52B5-C79A-40E9-82C5-C957855D1397}"
EndProject
Project("{FAE04EC0-301F-11D3-BF4B-00C04F79EFBC}") = "Tyrant.AssetNameFinder", "Tyrant.AssetNameFinder\Tyrant.AssetNameFinder.csproj", "{B577AB13-8179-449B-B822-B62D127A03ED}"
EndProject
Global
	GlobalSection(SolutionConfigurationPlatforms) = preSolution
		Debug|Any CPU = Debug|Any CPU
		Debug|x64 = Debug|x64
		Profile|Any CPU = Profile|Any CPU
		Profile|x64 = Profile|x64
		Release|Any CPU = Release|Any CPU
		Release|x64 = Release|x64
	EndGlobalSection
	GlobalSection(ProjectConfigurationPlatforms) = postSolution
		{2D3CEFF1-8F47-40E9-8597-CDFD6B5CCF73}.Debug|Any CPU.ActiveCfg = Debug|x64
		{2D3CEFF1-8F47-40E9-8597-CDFD6B5CCF73}.Debug|x64.ActiveCfg = Debug|x64
		{2D3CEFF1-8F47-40E9-8597-CDFD6B5CCF73}.Debug|x64.Build.0 = Debug|x64
		{2D3CEFF1-8F47-40E9-8597-CDFD6B5CCF73}.Profile|Any CPU.ActiveCfg = Release|x64
		{2D3CEFF1-8F47-40E9-8597-CDFD6B5CCF73}.Profile|Any CPU.Build.0 = Release|x64
		{2D3CEFF1-8F47-40E9-8597-CDFD6B5CCF73}.Profile|x64.ActiveCfg = Release|x64
		{2D3CEFF1-8F47-40E9-8597-CDFD6B5CCF73}.Profile|x64.Build.0 = Release|x64
		{2D3CEFF1-8F47-40E9-8597-CDFD6B5CCF73}.Release|Any CPU.ActiveCfg = Release|x64
		{2D3CEFF1-8F47-40E9-8597-CDFD6B5CCF73}.Release|x64.ActiveCfg = Release|x64
		{2D3CEFF1-8F47-40E9-8597-CDFD6B5CCF73}.Release|x64.Build.0 = Release|x64
		{EA1DBB67-568E-4DBF-B96B-CC0F1C4E429A}.Debug|Any CPU.ActiveCfg = Debug|x64
		{EA1DBB67-568E-4DBF-B96B-CC0F1C4E429A}.Debug|x64.ActiveCfg = Debug|x64
		{EA1DBB67-568E-4DBF-B96B-CC0F1C4E429A}.Debug|x64.Build.0 = Debug|x64
		{EA1DBB67-568E-4DBF-B96B-CC0F1C4E429A}.Profile|Any CPU.ActiveCfg = Release|x64
		{EA1DBB67-568E-4DBF-B96B-CC0F1C4E429A}.Profile|Any CPU.Build.0 = Release|x64
		{EA1DBB67-568E-4DBF-B96B-CC0F1C4E429A}.Profile|x64.ActiveCfg = Release|x64
		{EA1DBB67-568E-4DBF-B96B-CC0F1C4E429A}.Profile|x64.Build.0 = Release|x64
		{EA1DBB67-568E-4DBF-B96B-CC0F1C4E429A}.Release|Any CPU.ActiveCfg = Release|x64
		{EA1DBB67-568E-4DBF-B96B-CC0F1C4E429A}.Release|x64.ActiveCfg = Release|x64
		{EA1DBB67-568E-4DBF-B96B-CC0F1C4E429A}.Release|x64.Build.0 = Release|x64
		{0F468D5B-2F30-42F5-9043-920040D83D9D}.Debug|Any CPU.ActiveCfg = Debug|Any CPU
		{0F468D5B-2F30-42F5-9043-920040D83D9D}.Debug|Any CPU.Build.0 = Debug|Any CPU
		{0F468D5B-2F30-42F5-9043-920040D83D9D}.Debug|x64.ActiveCfg = Debug|x64
		{0F468D5B-2F30-42F5-9043-920040D83D9D}.Debug|x64.Build.0 = Debug|x64
		{0F468D5B-2F30-42F5-9043-920040D83D9D}.Profile|Any CPU.ActiveCfg = Release|Any CPU
		{0F468D5B-2F30-42F5-9043-920040D83D9D}.Profile|Any CPU.Build.0 = Release|Any CPU
		{0F468D5B-2F30-42F5-9043-920040D83D9D}.Profile|x64.ActiveCfg = Release|x64
		{0F468D5B-2F30-42F5-9043-920040D83D9D}.Profile|x64.Build.0 = Release|x64
		{0F468D5B-2F30-42F5-9043-920040D83D9D}.Release|Any CPU.ActiveCfg = Release|Any CPU
		{0F468D5B-2F30-42F5-9043-920040D83D9D}.Release|Any CPU.Build.0 = Release|Any CPU
		{0F468D5B-2F30-42F5-9043-920040D83D9D}.Release|x64.ActiveCfg = Release|x64
		{0F468D5B-2F30-42F5-9043-920040D83D9D}.Release|x64.Build.0 = Release|x64
		{EB08D910-0050-4D56-A799-CA04C41B7014}.Debug|Any CPU.ActiveCfg = Debug|Win32
		{EB08D910-0050-4D56-A799-CA04C41B7014}.Debug|x64.ActiveCfg = Debug|x64
		{EB08D910-0050-4D56-A799-CA04C41B7014}.Debug|x64.Build.0 = Debug|x64
		{EB08D910-0050-4D56-A799-CA04C41B7014}.Profile|Any CPU.ActiveCfg = Release|Win32
		{EB08D910-0050-4D56-A799-CA04C41B7014}.Profile|Any CPU.Build.0 = Release|Win32
		{EB08D910-0050-4D56-A799-CA04C41B7014}.Profile|x64.ActiveCfg = Release|x64
		{EB08D910-0050-4D56-A799-CA04C41B7014}.Profile|x64.Build.0 = Release|x64
		{EB08D910-0050-4D56-A799-CA04C41B7014}.Release|Any CPU.ActiveCfg = Release|Win32
		{EB08D910-0050-4D56-A799-CA04C41B7014}.Release|x64.ActiveCfg = Release|x64
		{EB08D910-0050-4D56-A799-CA04C41B7014}.Release|x64.Build.0 = Release|x64
		{8BFD8150-94D5-4BF9-8A50-7BD9929A0850}.Debug|Any CPU.ActiveCfg = Debug|Win32
		{8BFD8150-94D5-4BF9-8A50-7BD9929A0850}.Debug|x64.ActiveCfg = Debug|x64
		{8BFD8150-94D5-4BF9-8A50-7BD9929A0850}.Debug|x64.Build.0 = Debug|x64
		{8BFD8150-94D5-4BF9-8A50-7BD9929A0850}.Profile|Any CPU.ActiveCfg = Release|Win32
		{8BFD8150-94D5-4BF9-8A50-7BD9929A0850}.Profile|Any CPU.Build.0 = Release|Win32
		{8BFD8150-94D5-4BF9-8A50-7BD9929A0850}.Profile|x64.ActiveCfg = Release|x64
		{8BFD8150-94D5-4BF9-8A50-7BD9929A0850}.Profile|x64.Build.0 = Release|x64
		{8BFD8150-94D5-4BF9-8A50-7BD9929A0850}.Release|Any CPU.ActiveCfg = Release|Win32
		{8BFD8150-94D5-4BF9-8A50-7BD9929A0850}.Release|x64.ActiveCfg = Release|x64
		{8BFD8150-94D5-4BF9-8A50-7BD9929A0850}.Release|x64.Build.0 = Release|x64
		{57754C97-3F92-42CD-9F61-3A905DB5CCA0}.Debug|Any CPU.ActiveCfg = Debug|Win32
		{57754C97-3F92-42CD-9F61-3A905DB5CCA0}.Debug|x64.ActiveCfg = Debug|x64
		{57754C97-3F92-42CD-9F61-3A905DB5CCA0}.Debug|x64.Build.0 = Debug|x64
		{57754C97-3F92-42CD-9F61-3A905DB5CCA0}.Profile|Any CPU.ActiveCfg = Release|Win32
		{57754C97-3F92-42CD-9F61-3A905DB5CCA0}.Profile|Any CPU.Build.0 = Release|Win32
		{57754C97-3F92-42CD-9F61-3A905DB5CCA0}.Profile|x64.ActiveCfg = Release|x64
		{57754C97-3F92-42CD-9F61-3A905DB5CCA0}.Profile|x64.Build.0 = Release|x64
		{57754C97-3F92-42CD-9F61-3A905DB5CCA0}.Release|Any CPU.ActiveCfg = Release|Win32
		{57754C97-3F92-42CD-9F61-3A905DB5CCA0}.Release|x64.ActiveCfg = Release|x64
		{57754C97-3F92-42CD-9F61-3A905DB5CCA0}.Release|x64.Build.0 = Release|x64
		{DBA0D3E8-5E3A-48F1-BDE2-AA0976A478DB}.Debug|Any CPU.ActiveCfg = Debug|Win32
		{DBA0D3E8-5E3A-48F1-BDE2-AA0976A478DB}.Debug|x64.ActiveCfg = Debug|x64
		{DBA0D3E8-5E3A-48F1-BDE2-AA0976A478DB}.Debug|x64.Build.0 = Debug|x64
		{DBA0D3E8-5E3A-48F1-BDE2-AA0976A478DB}.Profile|Any CPU.ActiveCfg = Release|Win32
		{DBA0D3E8-5E3A-48F1-BDE2-AA0976A478DB}.Profile|Any CPU.Build.0 = Release|Win32
		{DBA0D3E8-5E3A-48F1-BDE2-AA0976A478DB}.Profile|x64.ActiveCfg = Release|x64
		{DBA0D3E8-5E3A-48F1-BDE2-AA0976A478DB}.Profile|x64.Build.0 = Release|x64
		{DBA0D3E8-5E3A-48F1-BDE2-AA0976A478DB}.Release|Any CPU.ActiveCfg = Release|Win32
		{DBA0D3E8-5E3A-48F1-BDE2-AA0976A478DB}.Release|x64.ActiveCfg = Release|x64
		{DBA0D3E8-5E3A-48F1-BDE2-AA0976A478DB}.Release|x64.Build.0 = Release|x64
		{371B9FA9-4C90-4AC6-A123-ACED756D6C77}.Debug|Any CPU.ActiveCfg = Debug|Win32
		{371B9FA9-4C90-4AC6-A123-ACED756D6C77}.Debug|x64.ActiveCfg = Debug|x64
		{371B9FA9-4C90-4AC6-A123-ACED756D6C77}.Debug|x64.Build.0 = Debug|x64
		{371B9FA9-4C90-4AC6-A123-ACED756D6C77}.Profile|Any CPU.ActiveCfg = Profile|Win32
		{371B9FA9-4C90-4AC6-A123-ACED756D6C77}.Profile|x64.ActiveCfg = Profile|x64
		{371B9FA9-4C90-4AC6-A123-ACED756D6C77}.Profile|x64.Build.0 = Profile|x64
		{371B9FA9-4C90-4AC6-A123-ACED756D6C77}.Release|Any CPU.ActiveCfg = Release|Win32
		{371B9FA9-4C90-4AC6-A123-ACED756D6C77}.Release|x64.ActiveCfg = Release|x64
		{371B9FA9-4C90-4AC6-A123-ACED756D6C77}.Release|x64.Build.0 = Release|x64
		{E2F82202-0E17-4901-B360-BE6F175FBCA2}.Debug|Any CPU.ActiveCfg = Debug|x64
		{E2F82202-0E17-4901-B360-BE6F175FBCA2}.Debug|x64.ActiveCfg = Debug|x64
		{E2F82202-0E17-4901-B360-BE6F175FBCA2}.Debug|x64.Build.0 = Debug|x64
		{E2F82202-0E17-4901-B360-BE6F175FBCA2}.Profile|Any CPU.ActiveCfg = Release|x64
		{E2F82202-0E17-4901-B360-BE6F175FBCA2}.Profile|Any CPU.Build.0 = Release|x64
		{E2F82202-0E17-4901-B360-BE6F175FBCA2}.Profile|x64.ActiveCfg = Release|x64
		{E2F82202-0E17-4901-B360-BE6F175FBCA2}.Profile|x64.Build.0 = Release|x64
		{E2F82202-0E17-4901-B360-BE6F175FBCA2}.Release|Any CPU.ActiveCfg = Release|x64
		{E2F82202-0E17-4901-B360-BE6F175FBCA2}.Release|x64.ActiveCfg = Release|x64
		{E2F82202-0E17-4901-B360-BE6F175FBCA2}.Release|x64.Build.0 = Release|x64
		{91DA52B5-C79A-40E9-82C5-C957855D1397}.Debug|Any CPU.ActiveCfg = Debug|x64
		{91DA52B5-C79A-40E9-82C5-C957855D1397}.Debug|x64.ActiveCfg = Debug|x64
		{91DA52B5-C79A-40E9-82C5-C957855D1397}.Debug|x64.Build.0 = Debug|x64
		{91DA52B5-C79A-40E9-82C5-C957855D1397}.Profile|Any CPU.ActiveCfg = Release|x64
		{91DA52B5-C79A-40E9-82C5-C957855D1397}.Profile|Any CPU.Build.0 = Release|x64
		{91DA52B5-C79A-40E9-82C5-C957855D1397}.Profile|x64.ActiveCfg = Release|x64
		{91DA52B5-C79A-40E9-82C5-C957855D1397}.Profile|x64.Build.0 = Release|x64
		{91DA52B5-C79A-40E9-82C5-C957855D1397}.Release|Any CPU.ActiveCfg = Release|x64
		{91DA52B5-C79A-40E9-82C5-C957855D1397}.Release|x64.ActiveCfg = Release|x64
		{91DA52B5-C79A-40E9-82C5-C957855D1397}.Release|x64.Build.0 = Release|x64
		{B577AB13-8179-449B-B822-B62D127A03ED}.Debug|Any CPU.ActiveCfg = Debug|x64
		{B577AB13-8179-449B-B822-B62D127A03ED}.Debug|x64.ActiveCfg = Debug|x64
		{B577AB13-8179-449B-B822-B62D127A03ED}.Debug|x64.Build.0 = Debug|x64
		{B577AB13-8179-449B-B822-B62D127A03ED}.Profile|Any CPU.ActiveCfg = Release|x64
		{B577AB13-8179-449B-B822-B62D127A03ED}.Profile|Any CPU.Build.0 = Release|x64
		{B577AB13-8179-449B-B822-B62D127A03ED}.Profile|x64.ActiveCfg = Release|x64
		{B577AB13-8179-449B-B822-B62D127A03ED}.Profile|x64.Build.0 = Release|x64
		{B577AB13-8179-449B-B822-B62D127A03ED}.Release|Any CPU.ActiveCfg = Release|x64
		{B577AB13-8179-449B-B822-B62D127A03ED}.Release|x64.ActiveCfg = Release|x64
		{B577AB13-8179-449B-B822-B62D127A03ED}.Release|x64.Build.0 = Release|x64
	EndGlobalSection
	GlobalSection(SolutionProperties) = preSolution
		HideSolutionNode = FALSE
	EndGlobalSection
	GlobalSection(NestedProjects) = preSolution
		{0F468D5B-2F30-42F5-9043-920040D83D9D} = {FA642BA8-BB50-4325-AF2D-A71001B3DF33}
		{EB08D910-0050-4D56-A799-CA04C41B7014} = {FA642BA8-BB50-4325-AF2D-A71001B3DF33}
		{BCA87C99-563F-459E-B93A-DE9E78D46192} = {FA642BA8-BB50-4325-AF2D-A71001B3DF33}
		{495BB9D5-6381-4457-9EC2-45F1C66D1CE2} = {FA642BA8-BB50-4325-AF2D-A71001B3DF33}
		{8BFD8150-94D5-4BF9-8A50-7BD9929A0850} = {495BB9D5-6381-4457-9EC2-45F1C66D1CE2}
		{57754C97-3F92-42CD-9F61-3A905DB5CCA0} = {495BB9D5-6381-4457-9EC2-45F1C66D1CE2}
		{DBA0D3E8-5E3A-48F1-BDE2-AA0976A478DB} = {495BB9D5-6381-4457-9EC2-45F1C66D1CE2}
		{371B9FA9-4C90-4AC6-A123-ACED756D6C77} = {BCA87C99-563F-459E-B93A-DE9E78D46192}
	EndGlobalSection
	GlobalSection(ExtensibilityGlobals) = postSolution
		SolutionGuid = {770D2D52-890B-4E7B-9698-F3989D6B3AC9}
	EndGlobalSection
EndGlobal
